// !$*UTF8*$!
{
	archiveVersion = 1;
	classes = {
	};
	objectVersion = 56;
	objects = {

/* Begin PBXBuildFile section */
		DD510E5D2CDA7AA700EC7AB6 /* ScrumdingerAppApp.swift in Sources */ = {isa = PBXBuildFile; fileRef = DD510E5C2CDA7AA700EC7AB6 /* ScrumdingerAppApp.swift */; };
		DD510E5F2CDA7AA700EC7AB6 /* ContentView.swift in Sources */ = {isa = PBXBuildFile; fileRef = DD510E5E2CDA7AA700EC7AB6 /* ContentView.swift */; };
		DD510E612CDA7AA800EC7AB6 /* Assets.xcassets in Resources */ = {isa = PBXBuildFile; fileRef = DD510E602CDA7AA800EC7AB6 /* Assets.xcassets */; };
		DD510E642CDA7AA800EC7AB6 /* Preview Assets.xcassets in Resources */ = {isa = PBXBuildFile; fileRef = DD510E632CDA7AA800EC7AB6 /* Preview Assets.xcassets */; };
		DD510E6E2CDA7AA900EC7AB6 /* ScrumdingerAppTests.swift in Sources */ = {isa = PBXBuildFile; fileRef = DD510E6D2CDA7AA900EC7AB6 /* ScrumdingerAppTests.swift */; };
		DD510E782CDA7AA900EC7AB6 /* ScrumdingerAppUITests.swift in Sources */ = {isa = PBXBuildFile; fileRef = DD510E772CDA7AA900EC7AB6 /* ScrumdingerAppUITests.swift */; };
		DD510E7A2CDA7AA900EC7AB6 /* ScrumdingerAppUITestsLaunchTests.swift in Sources */ = {isa = PBXBuildFile; fileRef = DD510E792CDA7AA900EC7AB6 /* ScrumdingerAppUITestsLaunchTests.swift */; };
/* End PBXBuildFile section */

/* Begin PBXContainerItemProxy section */
		DD510E6A2CDA7AA900EC7AB6 /* PBXContainerItemProxy */ = {
			isa = PBXContainerItemProxy;
			containerPortal = DD510E512CDA7AA700EC7AB6 /* Project object */;
			proxyType = 1;
			remoteGlobalIDString = DD510E582CDA7AA700EC7AB6;
			remoteInfo = ScrumdingerApp;
		};
		DD510E742CDA7AA900EC7AB6 /* PBXContainerItemProxy */ = {
			isa = PBXContainerItemProxy;
			containerPortal = DD510E512CDA7AA700EC7AB6 /* Project object */;
			proxyType = 1;
			remoteGlobalIDString = DD510E582CDA7AA700EC7AB6;
			remoteInfo = ScrumdingerApp;
		};
/* End PBXContainerItemProxy section */

/* Begin PBXFileReference section */
		DD510E592CDA7AA700EC7AB6 /* ScrumdingerApp.app */ = {isa = PBXFileReference; explicitFileType = wrapper.application; includeInIndex = 0; path = ScrumdingerApp.app; sourceTree = BUILT_PRODUCTS_DIR; };
		DD510E5C2CDA7AA700EC7AB6 /* ScrumdingerAppApp.swift */ = {isa = PBXFileReference; lastKnownFileType = sourcecode.swift; path = ScrumdingerAppApp.swift; sourceTree = "<group>"; };
		DD510E5E2CDA7AA700EC7AB6 /* ContentView.swift */ = {isa = PBXFileReference; lastKnownFileType = sourcecode.swift; path = ContentView.swift; sourceTree = "<group>"; };
		DD510E602CDA7AA800EC7AB6 /* Assets.xcassets */ = {isa = PBXFileReference; lastKnownFileType = folder.assetcatalog; path = Assets.xcassets; sourceTree = "<group>"; };
		DD510E632CDA7AA800EC7AB6 /* Preview Assets.xcassets */ = {isa = PBXFileReference; lastKnownFileType = folder.assetcatalog; path = "Preview Assets.xcassets"; sourceTree = "<group>"; };
		DD510E692CDA7AA900EC7AB6 /* ScrumdingerAppTests.xctest */ = {isa = PBXFileReference; explicitFileType = wrapper.cfbundle; includeInIndex = 0; path = ScrumdingerAppTests.xctest; sourceTree = BUILT_PRODUCTS_DIR; };
		DD510E6D2CDA7AA900EC7AB6 /* ScrumdingerAppTests.swift */ = {isa = PBXFileReference; lastKnownFileType = sourcecode.swift; path = ScrumdingerAppTests.swift; sourceTree = "<group>"; };
		DD510E732CDA7AA900EC7AB6 /* ScrumdingerAppUITests.xctest */ = {isa = PBXFileReference; explicitFileType = wrapper.cfbundle; includeInIndex = 0; path = ScrumdingerAppUITests.xctest; sourceTree = BUILT_PRODUCTS_DIR; };
		DD510E772CDA7AA900EC7AB6 /* ScrumdingerAppUITests.swift */ = {isa = PBXFileReference; lastKnownFileType = sourcecode.swift; path = ScrumdingerAppUITests.swift; sourceTree = "<group>"; };
		DD510E792CDA7AA900EC7AB6 /* ScrumdingerAppUITestsLaunchTests.swift */ = {isa = PBXFileReference; lastKnownFileType = sourcecode.swift; path = ScrumdingerAppUITestsLaunchTests.swift; sourceTree = "<group>"; };
/* End PBXFileReference section */

/* Begin PBXFrameworksBuildPhase section */
		DD510E562CDA7AA700EC7AB6 /* Frameworks */ = {
			isa = PBXFrameworksBuildPhase;
			buildActionMask = 2147483647;
			files = (
			);
			runOnlyForDeploymentPostprocessing = 0;
		};
		DD510E662CDA7AA900EC7AB6 /* Frameworks */ = {
			isa = PBXFrameworksBuildPhase;
			buildActionMask = 2147483647;
			files = (
			);
			runOnlyForDeploymentPostprocessing = 0;
		};
		DD510E702CDA7AA900EC7AB6 /* Frameworks */ = {
			isa = PBXFrameworksBuildPhase;
			buildActionMask = 2147483647;
			files = (
			);
			runOnlyForDeploymentPostprocessing = 0;
		};
/* End PBXFrameworksBuildPhase section */

/* Begin PBXGroup section */
		DD510E502CDA7AA700EC7AB6 = {
			isa = PBXGroup;
			children = (
				DD510E5B2CDA7AA700EC7AB6 /* ScrumdingerApp */,
				DD510E6C2CDA7AA900EC7AB6 /* ScrumdingerAppTests */,
				DD510E762CDA7AA900EC7AB6 /* ScrumdingerAppUITests */,
				DD510E5A2CDA7AA700EC7AB6 /* Products */,
			);
			sourceTree = "<group>";
		};
		DD510E5A2CDA7AA700EC7AB6 /* Products */ = {
			isa = PBXGroup;
			children = (
				DD510E592CDA7AA700EC7AB6 /* ScrumdingerApp.app */,
				DD510E692CDA7AA900EC7AB6 /* ScrumdingerAppTests.xctest */,
				DD510E732CDA7AA900EC7AB6 /* ScrumdingerAppUITests.xctest */,
			);
			name = Products;
			sourceTree = "<group>";
		};
		DD510E5B2CDA7AA700EC7AB6 /* ScrumdingerApp */ = {
			isa = PBXGroup;
			children = (
				DD510E5C2CDA7AA700EC7AB6 /* ScrumdingerAppApp.swift */,
				DD510E5E2CDA7AA700EC7AB6 /* ContentView.swift */,
				DD510E602CDA7AA800EC7AB6 /* Assets.xcassets */,
				DD510E622CDA7AA800EC7AB6 /* Preview Content */,
			);
			path = ScrumdingerApp;
			sourceTree = "<group>";
		};
		DD510E622CDA7AA800EC7AB6 /* Preview Content */ = {
			isa = PBXGroup;
			children = (
				DD510E632CDA7AA800EC7AB6 /* Preview Assets.xcassets */,
			);
			path = "Preview Content";
			sourceTree = "<group>";
		};
		DD510E6C2CDA7AA900EC7AB6 /* ScrumdingerAppTests */ = {
			isa = PBXGroup;
			children = (
				DD510E6D2CDA7AA900EC7AB6 /* ScrumdingerAppTests.swift */,
			);
			path = ScrumdingerAppTests;
			sourceTree = "<group>";
		};
		DD510E762CDA7AA900EC7AB6 /* ScrumdingerAppUITests */ = {
			isa = PBXGroup;
			children = (
				DD510E772CDA7AA900EC7AB6 /* ScrumdingerAppUITests.swift */,
				DD510E792CDA7AA900EC7AB6 /* ScrumdingerAppUITestsLaunchTests.swift */,
			);
			path = ScrumdingerAppUITests;
			sourceTree = "<group>";
		};
/* End PBXGroup section */

/* Begin PBXNativeTarget section */
		DD510E582CDA7AA700EC7AB6 /* ScrumdingerApp */ = {
			isa = PBXNativeTarget;
			buildConfigurationList = DD510E7D2CDA7AA900EC7AB6 /* Build configuration list for PBXNativeTarget "ScrumdingerApp" */;
			buildPhases = (
				DD510E552CDA7AA700EC7AB6 /* Sources */,
				DD510E562CDA7AA700EC7AB6 /* Frameworks */,
				DD510E572CDA7AA700EC7AB6 /* Resources */,
			);
			buildRules = (
			);
			dependencies = (
			);
			name = ScrumdingerApp;
			productName = ScrumdingerApp;
			productReference = DD510E592CDA7AA700EC7AB6 /* ScrumdingerApp.app */;
			productType = "com.apple.product-type.application";
		};
		DD510E682CDA7AA900EC7AB6 /* ScrumdingerAppTests */ = {
			isa = PBXNativeTarget;
			buildConfigurationList = DD510E802CDA7AA900EC7AB6 /* Build configuration list for PBXNativeTarget "ScrumdingerAppTests" */;
			buildPhases = (
				DD510E652CDA7AA900EC7AB6 /* Sources */,
				DD510E662CDA7AA900EC7AB6 /* Frameworks */,
				DD510E672CDA7AA900EC7AB6 /* Resources */,
			);
			buildRules = (
			);
			dependencies = (
				DD510E6B2CDA7AA900EC7AB6 /* PBXTargetDependency */,
			);
			name = ScrumdingerAppTests;
			productName = ScrumdingerAppTests;
			productReference = DD510E692CDA7AA900EC7AB6 /* ScrumdingerAppTests.xctest */;
			productType = "com.apple.product-type.bundle.unit-test";
		};
		DD510E722CDA7AA900EC7AB6 /* ScrumdingerAppUITests */ = {
			isa = PBXNativeTarget;
			buildConfigurationList = DD510E832CDA7AA900EC7AB6 /* Build configuration list for PBXNativeTarget "ScrumdingerAppUITests" */;
			buildPhases = (
				DD510E6F2CDA7AA900EC7AB6 /* Sources */,
				DD510E702CDA7AA900EC7AB6 /* Frameworks */,
				DD510E712CDA7AA900EC7AB6 /* Resources */,
			);
			buildRules = (
			);
			dependencies = (
				DD510E752CDA7AA900EC7AB6 /* PBXTargetDependency */,
			);
			name = ScrumdingerAppUITests;
			productName = ScrumdingerAppUITests;
			productReference = DD510E732CDA7AA900EC7AB6 /* ScrumdingerAppUITests.xctest */;
			productType = "com.apple.product-type.bundle.ui-testing";
		};
/* End PBXNativeTarget section */

/* Begin PBXProject section */
		DD510E512CDA7AA700EC7AB6 /* Project object */ = {
			isa = PBXProject;
			attributes = {
				BuildIndependentTargetsInParallel = 1;
				LastSwiftUpdateCheck = 1540;
				LastUpgradeCheck = 1540;
				TargetAttributes = {
					DD510E582CDA7AA700EC7AB6 = {
						CreatedOnToolsVersion = 15.4;
					};
					DD510E682CDA7AA900EC7AB6 = {
						CreatedOnToolsVersion = 15.4;
						TestTargetID = DD510E582CDA7AA700EC7AB6;
					};
					DD510E722CDA7AA900EC7AB6 = {
						CreatedOnToolsVersion = 15.4;
						TestTargetID = DD510E582CDA7AA700EC7AB6;
					};
				};
			};
			buildConfigurationList = DD510E542CDA7AA700EC7AB6 /* Build configuration list for PBXProject "ScrumdingerApp" */;
			compatibilityVersion = "Xcode 14.0";
			developmentRegion = en;
			hasScannedForEncodings = 0;
			knownRegions = (
				en,
				Base,
			);
			mainGroup = DD510E502CDA7AA700EC7AB6;
			productRefGroup = DD510E5A2CDA7AA700EC7AB6 /* Products */;
			projectDirPath = "";
			projectRoot = "";
			targets = (
				DD510E582CDA7AA700EC7AB6 /* ScrumdingerApp */,
				DD510E682CDA7AA900EC7AB6 /* ScrumdingerAppTests */,
				DD510E722CDA7AA900EC7AB6 /* ScrumdingerAppUITests */,
			);
		};
/* End PBXProject section */

/* Begin PBXResourcesBuildPhase section */
		DD510E572CDA7AA700EC7AB6 /* Resources */ = {
			isa = PBXResourcesBuildPhase;
			buildActionMask = 2147483647;
			files = (
				DD510E642CDA7AA800EC7AB6 /* Preview Assets.xcassets in Resources */,
				DD510E612CDA7AA800EC7AB6 /* Assets.xcassets in Resources */,
			);
			runOnlyForDeploymentPostprocessing = 0;
		};
		DD510E672CDA7AA900EC7AB6 /* Resources */ = {
			isa = PBXResourcesBuildPhase;
			buildActionMask = 2147483647;
			files = (
			);
			runOnlyForDeploymentPostprocessing = 0;
		};
		DD510E712CDA7AA900EC7AB6 /* Resources */ = {
			isa = PBXResourcesBuildPhase;
			buildActionMask = 2147483647;
			files = (
			);
			runOnlyForDeploymentPostprocessing = 0;
		};
/* End PBXResourcesBuildPhase section */

/* Begin PBXSourcesBuildPhase section */
		DD510E552CDA7AA700EC7AB6 /* Sources */ = {
			isa = PBXSourcesBuildPhase;
			buildActionMask = 2147483647;
			files = (
				DD510E5F2CDA7AA700EC7AB6 /* ContentView.swift in Sources */,
				DD510E5D2CDA7AA700EC7AB6 /* ScrumdingerAppApp.swift in Sources */,
			);
			runOnlyForDeploymentPostprocessing = 0;
		};
		DD510E652CDA7AA900EC7AB6 /* Sources */ = {
			isa = PBXSourcesBuildPhase;
			buildActionMask = 2147483647;
			files = (
				DD510E6E2CDA7AA900EC7AB6 /* ScrumdingerAppTests.swift in Sources */,
			);
			runOnlyForDeploymentPostprocessing = 0;
		};
		DD510E6F2CDA7AA900EC7AB6 /* Sources */ = {
			isa = PBXSourcesBuildPhase;
			buildActionMask = 2147483647;
			files = (
				DD510E7A2CDA7AA900EC7AB6 /* ScrumdingerAppUITestsLaunchTests.swift in Sources */,
				DD510E782CDA7AA900EC7AB6 /* ScrumdingerAppUITests.swift in Sources */,
			);
			runOnlyForDeploymentPostprocessing = 0;
		};
/* End PBXSourcesBuildPhase section */

/* Begin PBXTargetDependency section */
		DD510E6B2CDA7AA900EC7AB6 /* PBXTargetDependency */ = {
			isa = PBXTargetDependency;
			target = DD510E582CDA7AA700EC7AB6 /* ScrumdingerApp */;
			targetProxy = DD510E6A2CDA7AA900EC7AB6 /* PBXContainerItemProxy */;
		};
		DD510E752CDA7AA900EC7AB6 /* PBXTargetDependency */ = {
			isa = PBXTargetDependency;
			target = DD510E582CDA7AA700EC7AB6 /* ScrumdingerApp */;
			targetProxy = DD510E742CDA7AA900EC7AB6 /* PBXContainerItemProxy */;
		};
/* End PBXTargetDependency section */

/* Begin XCBuildConfiguration section */
		DD510E7B2CDA7AA900EC7AB6 /* Debug */ = {
			isa = XCBuildConfiguration;
			buildSettings = {
				ALWAYS_SEARCH_USER_PATHS = NO;
				ASSETCATALOG_COMPILER_GENERATE_SWIFT_ASSET_SYMBOL_EXTENSIONS = YES;
				CLANG_ANALYZER_NONNULL = YES;
				CLANG_ANALYZER_NUMBER_OBJECT_CONVERSION = YES_AGGRESSIVE;
				CLANG_CXX_LANGUAGE_STANDARD = "gnu++20";
				CLANG_ENABLE_MODULES = YES;
				CLANG_ENABLE_OBJC_ARC = YES;
				CLANG_ENABLE_OBJC_WEAK = YES;
				CLANG_WARN_BLOCK_CAPTURE_AUTORELEASING = YES;
				CLANG_WARN_BOOL_CONVERSION = YES;
				CLANG_WARN_COMMA = YES;
				CLANG_WARN_CONSTANT_CONVERSION = YES;
				CLANG_WARN_DEPRECATED_OBJC_IMPLEMENTATIONS = YES;
				CLANG_WARN_DIRECT_OBJC_ISA_USAGE = YES_ERROR;
				CLANG_WARN_DOCUMENTATION_COMMENTS = YES;
				CLANG_WARN_EMPTY_BODY = YES;
				CLANG_WARN_ENUM_CONVERSION = YES;
				CLANG_WARN_INFINITE_RECURSION = YES;
				CLANG_WARN_INT_CONVERSION = YES;
				CLANG_WARN_NON_LITERAL_NULL_CONVERSION = YES;
				CLANG_WARN_OBJC_IMPLICIT_RETAIN_SELF = YES;
				CLANG_WARN_OBJC_LITERAL_CONVERSION = YES;
				CLANG_WARN_OBJC_ROOT_CLASS = YES_ERROR;
				CLANG_WARN_QUOTED_INCLUDE_IN_FRAMEWORK_HEADER = YES;
				CLANG_WARN_RANGE_LOOP_ANALYSIS = YES;
				CLANG_WARN_STRICT_PROTOTYPES = YES;
				CLANG_WARN_SUSPICIOUS_MOVE = YES;
				CLANG_WARN_UNGUARDED_AVAILABILITY = YES_AGGRESSIVE;
				CLANG_WARN_UNREACHABLE_CODE = YES;
				CLANG_WARN__DUPLICATE_METHOD_MATCH = YES;
				COPY_PHASE_STRIP = NO;
				DEBUG_INFORMATION_FORMAT = dwarf;
				ENABLE_STRICT_OBJC_MSGSEND = YES;
				ENABLE_TESTABILITY = YES;
				ENABLE_USER_SCRIPT_SANDBOXING = YES;
				GCC_C_LANGUAGE_STANDARD = gnu17;
				GCC_DYNAMIC_NO_PIC = NO;
				GCC_NO_COMMON_BLOCKS = YES;
				GCC_OPTIMIZATION_LEVEL = 0;
				GCC_PREPROCESSOR_DEFINITIONS = (
					"DEBUG=1",
					"$(inherited)",
				);
				GCC_WARN_64_TO_32_BIT_CONVERSION = YES;
				GCC_WARN_ABOUT_RETURN_TYPE = YES_ERROR;
				GCC_WARN_UNDECLARED_SELECTOR = YES;
				GCC_WARN_UNINITIALIZED_AUTOS = YES_AGGRESSIVE;
				GCC_WARN_UNUSED_FUNCTION = YES;
				GCC_WARN_UNUSED_VARIABLE = YES;
				IPHONEOS_DEPLOYMENT_TARGET = 17.5;
				LOCALIZATION_PREFERS_STRING_CATALOGS = YES;
				MTL_ENABLE_DEBUG_INFO = INCLUDE_SOURCE;
				MTL_FAST_MATH = YES;
				ONLY_ACTIVE_ARCH = YES;
				SDKROOT = iphoneos;
				SWIFT_ACTIVE_COMPILATION_CONDITIONS = "DEBUG $(inherited)";
				SWIFT_OPTIMIZATION_LEVEL = "-Onone";
			};
			name = Debug;
		};
		DD510E7C2CDA7AA900EC7AB6 /* Release */ = {
			isa = XCBuildConfiguration;
			buildSettings = {
				ALWAYS_SEARCH_USER_PATHS = NO;
				ASSETCATALOG_COMPILER_GENERATE_SWIFT_ASSET_SYMBOL_EXTENSIONS = YES;
				CLANG_ANALYZER_NONNULL = YES;
				CLANG_ANALYZER_NUMBER_OBJECT_CONVERSION = YES_AGGRESSIVE;
				CLANG_CXX_LANGUAGE_STANDARD = "gnu++20";
				CLANG_ENABLE_MODULES = YES;
				CLANG_ENABLE_OBJC_ARC = YES;
				CLANG_ENABLE_OBJC_WEAK = YES;
				CLANG_WARN_BLOCK_CAPTURE_AUTORELEASING = YES;
				CLANG_WARN_BOOL_CONVERSION = YES;
				CLANG_WARN_COMMA = YES;
				CLANG_WARN_CONSTANT_CONVERSION = YES;
				CLANG_WARN_DEPRECATED_OBJC_IMPLEMENTATIONS = YES;
				CLANG_WARN_DIRECT_OBJC_ISA_USAGE = YES_ERROR;
				CLANG_WARN_DOCUMENTATION_COMMENTS = YES;
				CLANG_WARN_EMPTY_BODY = YES;
				CLANG_WARN_ENUM_CONVERSION = YES;
				CLANG_WARN_INFINITE_RECURSION = YES;
				CLANG_WARN_INT_CONVERSION = YES;
				CLANG_WARN_NON_LITERAL_NULL_CONVERSION = YES;
				CLANG_WARN_OBJC_IMPLICIT_RETAIN_SELF = YES;
				CLANG_WARN_OBJC_LITERAL_CONVERSION = YES;
				CLANG_WARN_OBJC_ROOT_CLASS = YES_ERROR;
				CLANG_WARN_QUOTED_INCLUDE_IN_FRAMEWORK_HEADER = YES;
				CLANG_WARN_RANGE_LOOP_ANALYSIS = YES;
				CLANG_WARN_STRICT_PROTOTYPES = YES;
				CLANG_WARN_SUSPICIOUS_MOVE = YES;
				CLANG_WARN_UNGUARDED_AVAILABILITY = YES_AGGRESSIVE;
				CLANG_WARN_UNREACHABLE_CODE = YES;
				CLANG_WARN__DUPLICATE_METHOD_MATCH = YES;
				COPY_PHASE_STRIP = NO;
				DEBUG_INFORMATION_FORMAT = "dwarf-with-dsym";
				ENABLE_NS_ASSERTIONS = NO;
				ENABLE_STRICT_OBJC_MSGSEND = YES;
				ENABLE_USER_SCRIPT_SANDBOXING = YES;
				GCC_C_LANGUAGE_STANDARD = gnu17;
				GCC_NO_COMMON_BLOCKS = YES;
				GCC_WARN_64_TO_32_BIT_CONVERSION = YES;
				GCC_WARN_ABOUT_RETURN_TYPE = YES_ERROR;
				GCC_WARN_UNDECLARED_SELECTOR = YES;
				GCC_WARN_UNINITIALIZED_AUTOS = YES_AGGRESSIVE;
				GCC_WARN_UNUSED_FUNCTION = YES;
				GCC_WARN_UNUSED_VARIABLE = YES;
				IPHONEOS_DEPLOYMENT_TARGET = 17.5;
				LOCALIZATION_PREFERS_STRING_CATALOGS = YES;
				MTL_ENABLE_DEBUG_INFO = NO;
				MTL_FAST_MATH = YES;
				SDKROOT = iphoneos;
				SWIFT_COMPILATION_MODE = wholemodule;
				VALIDATE_PRODUCT = YES;
			};
			name = Release;
		};
		DD510E7E2CDA7AA900EC7AB6 /* Debug */ = {
			isa = XCBuildConfiguration;
			buildSettings = {
				ASSETCATALOG_COMPILER_APPICON_NAME = AppIcon;
				ASSETCATALOG_COMPILER_GLOBAL_ACCENT_COLOR_NAME = AccentColor;
				CODE_SIGN_STYLE = Automatic;
				CURRENT_PROJECT_VERSION = 1;
				DEVELOPMENT_ASSET_PATHS = "\"ScrumdingerApp/Preview Content\"";
				ENABLE_PREVIEWS = YES;
				GENERATE_INFOPLIST_FILE = YES;
				INFOPLIST_KEY_UIApplicationSceneManifest_Generation = YES;
				INFOPLIST_KEY_UIApplicationSupportsIndirectInputEvents = YES;
				INFOPLIST_KEY_UILaunchScreen_Generation = YES;
				INFOPLIST_KEY_UISupportedInterfaceOrientations_iPad = "UIInterfaceOrientationPortrait UIInterfaceOrientationPortraitUpsideDown UIInterfaceOrientationLandscapeLeft UIInterfaceOrientationLandscapeRight";
				INFOPLIST_KEY_UISupportedInterfaceOrientations_iPhone = "UIInterfaceOrientationPortrait UIInterfaceOrientationLandscapeLeft UIInterfaceOrientationLandscapeRight";
				LD_RUNPATH_SEARCH_PATHS = (
					"$(inherited)",
					"@executable_path/Frameworks",
				);
				MARKETING_VERSION = 1.0;
				PRODUCT_BUNDLE_IDENTIFIER = land.kyan.ScrumdingerApp;
				PRODUCT_NAME = "$(TARGET_NAME)";
				SWIFT_EMIT_LOC_STRINGS = YES;
				SWIFT_VERSION = 5.0;
				TARGETED_DEVICE_FAMILY = "1,2";
			};
			name = Debug;
		};
		DD510E7F2CDA7AA900EC7AB6 /* Release */ = {
			isa = XCBuildConfiguration;
			buildSettings = {
				ASSETCATALOG_COMPILER_APPICON_NAME = AppIcon;
				ASSETCATALOG_COMPILER_GLOBAL_ACCENT_COLOR_NAME = AccentColor;
				CODE_SIGN_STYLE = Automatic;
				CURRENT_PROJECT_VERSION = 1;
				DEVELOPMENT_ASSET_PATHS = "\"ScrumdingerApp/Preview Content\"";
				ENABLE_PREVIEWS = YES;
				GENERATE_INFOPLIST_FILE = YES;
				INFOPLIST_KEY_UIApplicationSceneManifest_Generation = YES;
				INFOPLIST_KEY_UIApplicationSupportsIndirectInputEvents = YES;
				INFOPLIST_KEY_UILaunchScreen_Generation = YES;
				INFOPLIST_KEY_UISupportedInterfaceOrientations_iPad = "UIInterfaceOrientationPortrait UIInterfaceOrientationPortraitUpsideDown UIInterfaceOrientationLandscapeLeft UIInterfaceOrientationLandscapeRight";
				INFOPLIST_KEY_UISupportedInterfaceOrientations_iPhone = "UIInterfaceOrientationPortrait UIInterfaceOrientationLandscapeLeft UIInterfaceOrientationLandscapeRight";
				LD_RUNPATH_SEARCH_PATHS = (
					"$(inherited)",
					"@executable_path/Frameworks",
				);
				MARKETING_VERSION = 1.0;
				PRODUCT_BUNDLE_IDENTIFIER = land.kyan.ScrumdingerApp;
				PRODUCT_NAME = "$(TARGET_NAME)";
				SWIFT_EMIT_LOC_STRINGS = YES;
				SWIFT_VERSION = 5.0;
				TARGETED_DEVICE_FAMILY = "1,2";
			};
			name = Release;
		};
		DD510E812CDA7AA900EC7AB6 /* Debug */ = {
			isa = XCBuildConfiguration;
			buildSettings = {
				ALWAYS_EMBED_SWIFT_STANDARD_LIBRARIES = YES;
				BUNDLE_LOADER = "$(TEST_HOST)";
				CODE_SIGN_STYLE = Automatic;
				CURRENT_PROJECT_VERSION = 1;
				GENERATE_INFOPLIST_FILE = YES;
				IPHONEOS_DEPLOYMENT_TARGET = 17.5;
				MARKETING_VERSION = 1.0;
				PRODUCT_BUNDLE_IDENTIFIER = land.kyan.ScrumdingerAppTests;
				PRODUCT_NAME = "$(TARGET_NAME)";
				SWIFT_EMIT_LOC_STRINGS = NO;
				SWIFT_VERSION = 5.0;
				TARGETED_DEVICE_FAMILY = "1,2";
				TEST_HOST = "$(BUILT_PRODUCTS_DIR)/ScrumdingerApp.app/$(BUNDLE_EXECUTABLE_FOLDER_PATH)/ScrumdingerApp";
			};
			name = Debug;
		};
		DD510E822CDA7AA900EC7AB6 /* Release */ = {
			isa = XCBuildConfiguration;
			buildSettings = {
				ALWAYS_EMBED_SWIFT_STANDARD_LIBRARIES = YES;
				BUNDLE_LOADER = "$(TEST_HOST)";
				CODE_SIGN_STYLE = Automatic;
				CURRENT_PROJECT_VERSION = 1;
				GENERATE_INFOPLIST_FILE = YES;
				IPHONEOS_DEPLOYMENT_TARGET = 17.5;
				MARKETING_VERSION = 1.0;
				PRODUCT_BUNDLE_IDENTIFIER = land.kyan.ScrumdingerAppTests;
				PRODUCT_NAME = "$(TARGET_NAME)";
				SWIFT_EMIT_LOC_STRINGS = NO;
				SWIFT_VERSION = 5.0;
				TARGETED_DEVICE_FAMILY = "1,2";
				TEST_HOST = "$(BUILT_PRODUCTS_DIR)/ScrumdingerApp.app/$(BUNDLE_EXECUTABLE_FOLDER_PATH)/ScrumdingerApp";
			};
			name = Release;
		};
		DD510E842CDA7AA900EC7AB6 /* Debug */ = {
			isa = XCBuildConfiguration;
			buildSettings = {
				ALWAYS_EMBED_SWIFT_STANDARD_LIBRARIES = YES;
				CODE_SIGN_STYLE = Automatic;
				CURRENT_PROJECT_VERSION = 1;
				GENERATE_INFOPLIST_FILE = YES;
				MARKETING_VERSION = 1.0;
				PRODUCT_BUNDLE_IDENTIFIER = land.kyan.ScrumdingerAppUITests;
				PRODUCT_NAME = "$(TARGET_NAME)";
				SWIFT_EMIT_LOC_STRINGS = NO;
				SWIFT_VERSION = 5.0;
				TARGETED_DEVICE_FAMILY = "1,2";
				TEST_TARGET_NAME = ScrumdingerApp;
			};
			name = Debug;
		};
		DD510E852CDA7AA900EC7AB6 /* Release */ = {
			isa = XCBuildConfiguration;
			buildSettings = {
				ALWAYS_EMBED_SWIFT_STANDARD_LIBRARIES = YES;
				CODE_SIGN_STYLE = Automatic;
				CURRENT_PROJECT_VERSION = 1;
				GENERATE_INFOPLIST_FILE = YES;
				MARKETING_VERSION = 1.0;
				PRODUCT_BUNDLE_IDENTIFIER = land.kyan.ScrumdingerAppUITests;
				PRODUCT_NAME = "$(TARGET_NAME)";
				SWIFT_EMIT_LOC_STRINGS = NO;
				SWIFT_VERSION = 5.0;
				TARGETED_DEVICE_FAMILY = "1,2";
				TEST_TARGET_NAME = ScrumdingerApp;
			};
			name = Release;
		};
/* End XCBuildConfiguration section */

/* Begin XCConfigurationList section */
		DD510E542CDA7AA700EC7AB6 /* Build configuration list for PBXProject "ScrumdingerApp" */ = {
			isa = XCConfigurationList;
			buildConfigurations = (
				DD510E7B2CDA7AA900EC7AB6 /* Debug */,
				DD510E7C2CDA7AA900EC7AB6 /* Release */,
			);
			defaultConfigurationIsVisible = 0;
			defaultConfigurationName = Release;
		};
		DD510E7D2CDA7AA900EC7AB6 /* Build configuration list for PBXNativeTarget "ScrumdingerApp" */ = {
			isa = XCConfigurationList;
			buildConfigurations = (
				DD510E7E2CDA7AA900EC7AB6 /* Debug */,
				DD510E7F2CDA7AA900EC7AB6 /* Release */,
			);
			defaultConfigurationIsVisible = 0;
			defaultConfigurationName = Release;
		};
		DD510E802CDA7AA900EC7AB6 /* Build configuration list for PBXNativeTarget "ScrumdingerAppTests" */ = {
			isa = XCConfigurationList;
			buildConfigurations = (
				DD510E812CDA7AA900EC7AB6 /* Debug */,
				DD510E822CDA7AA900EC7AB6 /* Release */,
			);
			defaultConfigurationIsVisible = 0;
			defaultConfigurationName = Release;
		};
		DD510E832CDA7AA900EC7AB6 /* Build configuration list for PBXNativeTarget "ScrumdingerAppUITests" */ = {
			isa = XCConfigurationList;
			buildConfigurations = (
				DD510E842CDA7AA900EC7AB6 /* Debug */,
				DD510E852CDA7AA900EC7AB6 /* Release */,
			);
			defaultConfigurationIsVisible = 0;
			defaultConfigurationName = Release;
		};
/* End XCConfigurationList section */
	};
	rootObject = DD510E512CDA7AA700EC7AB6 /* Project object */;
}
